
Microsoft Visual Studio Solution File, Format Version 12.00
Project("{FAE04EC0-301F-11D3-BF4B-00C04F79EFBC}") = "PersonalDevelopmentPlan.Api", "PersonalDevelopmentPlan.Api\PersonalDevelopmentPlan.Api.csproj", "{5DAD4E52-2B79-4CC1-A630-84EBC739151E}"
EndProject
Global
	GlobalSection(SolutionConfigurationPlatforms) = preSolution
		Debug|Any CPU = Debug|Any CPU
		Release|Any CPU = Release|Any CPU
	EndGlobalSection
	GlobalSection(ProjectConfigurationPlatforms) = postSolution
		{5DAD4E52-2B79-4CC1-A630-84EBC739151E}.Debug|Any CPU.ActiveCfg = Debug|Any CPU
		{5DAD4E52-2B79-4CC1-A630-84EBC739151E}.Debug|Any CPU.Build.0 = Debug|Any CPU
		{5DAD4E52-2B79-4CC1-A630-84EBC739151E}.Release|Any CPU.ActiveCfg = Release|Any CPU
		{5DAD4E52-2B79-4CC1-A630-84EBC739151E}.Release|Any CPU.Build.0 = Release|Any CPU
	EndGlobalSection
EndGlobal
